
Microsoft Visual Studio Solution File, Format Version 12.00
# Visual Studio 15
Project("{FAE04EC0-301F-11D3-BF4B-00C04F79EFBC}") = "PhotonUnityNetworking.Demos", "PhotonUnityNetworking.Demos.csproj", "{4CDD184F-8DD5-641C-B67E-8A5FD1265B6F}"
EndProject
Project("{FAE04EC0-301F-11D3-BF4B-00C04F79EFBC}") = "PhotonUnityNetworking.Utilities", "PhotonUnityNetworking.Utilities.csproj", "{6F93DD98-EEC4-CCCF-1F84-6E6B6F236889}"
EndProject
Project("{FAE04EC0-301F-11D3-BF4B-00C04F79EFBC}") = "Assembly-CSharp", "Assembly-CSharp.csproj", "{C3DA89E1-70C6-7D6C-993E-C8F831D35880}"
EndProject
Project("{FAE04EC0-301F-11D3-BF4B-00C04F79EFBC}") = "PhotonChat", "PhotonChat.csproj", "{1D3E7DBD-633F-626C-C3B1-5CFD9AD0655A}"
EndProject
Project("{FAE04EC0-301F-11D3-BF4B-00C04F79EFBC}") = "PhotonUnityNetworking", "PhotonUnityNetworking.csproj", "{2244A057-929B-8B19-50D2-5EC2362E8E95}"
EndProject
Project("{FAE04EC0-301F-11D3-BF4B-00C04F79EFBC}") = "PhotonRealtime", "PhotonRealtime.csproj", "{548A4D20-D204-425D-B3C8-9F947FECBC42}"
EndProject
Project("{FAE04EC0-301F-11D3-BF4B-00C04F79EFBC}") = "Assembly-CSharp-firstpass", "Assembly-CSharp-firstpass.csproj", "{518622B2-9050-A153-E465-3E4BD155181A}"
EndProject
Project("{FAE04EC0-301F-11D3-BF4B-00C04F79EFBC}") = "OEBIF", "OEBIF.csproj", "{74271D5F-F45D-3B62-0AAD-6915C90164E8}"
EndProject
Project("{FAE04EC0-301F-11D3-BF4B-00C04F79EFBC}") = "PhotonUnityNetworking.Editor", "PhotonUnityNetworking.Editor.csproj", "{DD3662ED-7916-24DB-41E1-41BE0D62F340}"
EndProject
Project("{FAE04EC0-301F-11D3-BF4B-00C04F79EFBC}") = "PunDemos.DemoHubEditor", "PunDemos.DemoHubEditor.csproj", "{9211E6B9-BD5F-9DF5-C951-66AB4A92F278}"
EndProject
Project("{FAE04EC0-301F-11D3-BF4B-00C04F79EFBC}") = "PhotonUnityNetworking.Utilities.PhotonPlayer.Editor", "PhotonUnityNetworking.Utilities.PhotonPlayer.Editor.csproj", "{B81807BE-1051-870E-76D8-615E7DE7B9A7}"
EndProject
Project("{FAE04EC0-301F-11D3-BF4B-00C04F79EFBC}") = "PhotonUnityNetworking.Utilities.Culling.Editor", "PhotonUnityNetworking.Utilities.Culling.Editor.csproj", "{396A8B55-5254-D1E8-F614-39703C77C586}"
EndProject
Project("{FAE04EC0-301F-11D3-BF4B-00C04F79EFBC}") = "PunDemos.DemoSlotcarEditor", "PunDemos.DemoSlotcarEditor.csproj", "{51A708A6-96AC-9CBD-360B-8319CE0BA1C1}"
EndProject
Global
	GlobalSection(SolutionConfigurationPlatforms) = preSolution
		Debug|Any CPU = Debug|Any CPU
		Release|Any CPU = Release|Any CPU
	EndGlobalSection
	GlobalSection(ProjectConfigurationPlatforms) = postSolution
		{4CDD184F-8DD5-641C-B67E-8A5FD1265B6F}.Debug|Any CPU.ActiveCfg = Debug|Any CPU
		{4CDD184F-8DD5-641C-B67E-8A5FD1265B6F}.Debug|Any CPU.Build.0 = Debug|Any CPU
		{4CDD184F-8DD5-641C-B67E-8A5FD1265B6F}.Release|Any CPU.ActiveCfg = Release|Any CPU
		{4CDD184F-8DD5-641C-B67E-8A5FD1265B6F}.Release|Any CPU.Build.0 = Release|Any CPU
		{6F93DD98-EEC4-CCCF-1F84-6E6B6F236889}.Debug|Any CPU.ActiveCfg = Debug|Any CPU
		{6F93DD98-EEC4-CCCF-1F84-6E6B6F236889}.Debug|Any CPU.Build.0 = Debug|Any CPU
		{6F93DD98-EEC4-CCCF-1F84-6E6B6F236889}.Release|Any CPU.ActiveCfg = Release|Any CPU
		{6F93DD98-EEC4-CCCF-1F84-6E6B6F236889}.Release|Any CPU.Build.0 = Release|Any CPU
		{C3DA89E1-70C6-7D6C-993E-C8F831D35880}.Debug|Any CPU.ActiveCfg = Debug|Any CPU
		{C3DA89E1-70C6-7D6C-993E-C8F831D35880}.Debug|Any CPU.Build.0 = Debug|Any CPU
		{C3DA89E1-70C6-7D6C-993E-C8F831D35880}.Release|Any CPU.ActiveCfg = Release|Any CPU
		{C3DA89E1-70C6-7D6C-993E-C8F831D35880}.Release|Any CPU.Build.0 = Release|Any CPU
		{1D3E7DBD-633F-626C-C3B1-5CFD9AD0655A}.Debug|Any CPU.ActiveCfg = Debug|Any CPU
		{1D3E7DBD-633F-626C-C3B1-5CFD9AD0655A}.Debug|Any CPU.Build.0 = Debug|Any CPU
		{1D3E7DBD-633F-626C-C3B1-5CFD9AD0655A}.Release|Any CPU.ActiveCfg = Release|Any CPU
		{1D3E7DBD-633F-626C-C3B1-5CFD9AD0655A}.Release|Any CPU.Build.0 = Release|Any CPU
		{2244A057-929B-8B19-50D2-5EC2362E8E95}.Debug|Any CPU.ActiveCfg = Debug|Any CPU
		{2244A057-929B-8B19-50D2-5EC2362E8E95}.Debug|Any CPU.Build.0 = Debug|Any CPU
		{2244A057-929B-8B19-50D2-5EC2362E8E95}.Release|Any CPU.ActiveCfg = Release|Any CPU
		{2244A057-929B-8B19-50D2-5EC2362E8E95}.Release|Any CPU.Build.0 = Release|Any CPU
		{548A4D20-D204-425D-B3C8-9F947FECBC42}.Debug|Any CPU.ActiveCfg = Debug|Any CPU
		{548A4D20-D204-425D-B3C8-9F947FECBC42}.Debug|Any CPU.Build.0 = Debug|Any CPU
		{548A4D20-D204-425D-B3C8-9F947FECBC42}.Release|Any CPU.ActiveCfg = Release|Any CPU
		{548A4D20-D204-425D-B3C8-9F947FECBC42}.Release|Any CPU.Build.0 = Release|Any CPU
		{518622B2-9050-A153-E465-3E4BD155181A}.Debug|Any CPU.ActiveCfg = Debug|Any CPU
		{518622B2-9050-A153-E465-3E4BD155181A}.Debug|Any CPU.Build.0 = Debug|Any CPU
		{518622B2-9050-A153-E465-3E4BD155181A}.Release|Any CPU.ActiveCfg = Release|Any CPU
		{518622B2-9050-A153-E465-3E4BD155181A}.Release|Any CPU.Build.0 = Release|Any CPU
		{74271D5F-F45D-3B62-0AAD-6915C90164E8}.Debug|Any CPU.ActiveCfg = Debug|Any CPU
		{74271D5F-F45D-3B62-0AAD-6915C90164E8}.Debug|Any CPU.Build.0 = Debug|Any CPU
		{74271D5F-F45D-3B62-0AAD-6915C90164E8}.Release|Any CPU.ActiveCfg = Release|Any CPU
		{74271D5F-F45D-3B62-0AAD-6915C90164E8}.Release|Any CPU.Build.0 = Release|Any CPU
		{DD3662ED-7916-24DB-41E1-41BE0D62F340}.Debug|Any CPU.ActiveCfg = Debug|Any CPU
		{DD3662ED-7916-24DB-41E1-41BE0D62F340}.Debug|Any CPU.Build.0 = Debug|Any CPU
		{DD3662ED-7916-24DB-41E1-41BE0D62F340}.Release|Any CPU.ActiveCfg = Release|Any CPU
		{DD3662ED-7916-24DB-41E1-41BE0D62F340}.Release|Any CPU.Build.0 = Release|Any CPU
		{9211E6B9-BD5F-9DF5-C951-66AB4A92F278}.Debug|Any CPU.ActiveCfg = Debug|Any CPU
		{9211E6B9-BD5F-9DF5-C951-66AB4A92F278}.Debug|Any CPU.Build.0 = Debug|Any CPU
		{9211E6B9-BD5F-9DF5-C951-66AB4A92F278}.Release|Any CPU.ActiveCfg = Release|Any CPU
		{9211E6B9-BD5F-9DF5-C951-66AB4A92F278}.Release|Any CPU.Build.0 = Release|Any CPU
		{B81807BE-1051-870E-76D8-615E7DE7B9A7}.Debug|Any CPU.ActiveCfg = Debug|Any CPU
		{B81807BE-1051-870E-76D8-615E7DE7B9A7}.Debug|Any CPU.Build.0 = Debug|Any CPU
		{B81807BE-1051-870E-76D8-615E7DE7B9A7}.Release|Any CPU.ActiveCfg = Release|Any CPU
		{B81807BE-1051-870E-76D8-615E7DE7B9A7}.Release|Any CPU.Build.0 = Release|Any CPU
		{396A8B55-5254-D1E8-F614-39703C77C586}.Debug|Any CPU.ActiveCfg = Debug|Any CPU
		{396A8B55-5254-D1E8-F614-39703C77C586}.Debug|Any CPU.Build.0 = Debug|Any CPU
		{396A8B55-5254-D1E8-F614-39703C77C586}.Release|Any CPU.ActiveCfg = Release|Any CPU
		{396A8B55-5254-D1E8-F614-39703C77C586}.Release|Any CPU.Build.0 = Release|Any CPU
		{51A708A6-96AC-9CBD-360B-8319CE0BA1C1}.Debug|Any CPU.ActiveCfg = Debug|Any CPU
		{51A708A6-96AC-9CBD-360B-8319CE0BA1C1}.Debug|Any CPU.Build.0 = Debug|Any CPU
		{51A708A6-96AC-9CBD-360B-8319CE0BA1C1}.Release|Any CPU.ActiveCfg = Release|Any CPU
		{51A708A6-96AC-9CBD-360B-8319CE0BA1C1}.Release|Any CPU.Build.0 = Release|Any CPU
	EndGlobalSection
	GlobalSection(SolutionProperties) = preSolution
		HideSolutionNode = FALSE
	EndGlobalSection
EndGlobal
